
Microsoft Visual Studio Solution File, Format Version 12.00
# Visual Studio Version 16
VisualStudioVersion = 16.0.31205.134
MinimumVisualStudioVersion = 10.0.40219.1
Project("{FAE04EC0-301F-11D3-BF4B-00C04F79EFBC}") = "MyWebApi MVC-CRUD", "MyWebApi MVC-CRUD\MyWebApi MVC-CRUD.csproj", "{6A0D498D-16BA-423E-86DD-0E084416367F}"
EndProject
Global
	GlobalSection(SolutionConfigurationPlatforms) = preSolution
		Debug|Any CPU = Debug|Any CPU
		Release|Any CPU = Release|Any CPU
	EndGlobalSection
	GlobalSection(ProjectConfigurationPlatforms) = postSolution
		{6A0D498D-16BA-423E-86DD-0E084416367F}.Debug|Any CPU.ActiveCfg = Debug|Any CPU
		{6A0D498D-16BA-423E-86DD-0E084416367F}.Debug|Any CPU.Build.0 = Debug|Any CPU
		{6A0D498D-16BA-423E-86DD-0E084416367F}.Release|Any CPU.ActiveCfg = Release|Any CPU
		{6A0D498D-16BA-423E-86DD-0E084416367F}.Release|Any CPU.Build.0 = Release|Any CPU
	EndGlobalSection
	GlobalSection(SolutionProperties) = preSolution
		HideSolutionNode = FALSE
	EndGlobalSection
	GlobalSection(ExtensibilityGlobals) = postSolution
		SolutionGuid = {A5A05176-7512-4CAC-B03D-931CEE0B3D91}
	EndGlobalSection
EndGlobal
